
Microsoft Visual Studio Solution File, Format Version 12.00
Project("{FAE04EC0-301F-11D3-BF4B-00C04F79EFBC}") = "PlexWebhookProxy", "PlexWebhookProxy\PlexWebhookProxy.csproj", "{C391620A-252B-4958-9BD0-77BEB9921DC4}"
EndProject
Project("{2150E333-8FDC-42A3-9474-1A3956D46DE8}") = "Solution Items", "Solution Items", "{9FDD2367-C47C-4792-8237-A232E03CDDB8}"
	ProjectSection(SolutionItems) = preProject
		docker-compose.yml = docker-compose.yml
		.gitignore = .gitignore
		.github\workflows\deploy.yml = .github\workflows\deploy.yml
		README.md = README.md
	EndProjectSection
EndProject
Global
	GlobalSection(SolutionConfigurationPlatforms) = preSolution
		Debug|Any CPU = Debug|Any CPU
		Release|Any CPU = Release|Any CPU
	EndGlobalSection
	GlobalSection(ProjectConfigurationPlatforms) = postSolution
		{C391620A-252B-4958-9BD0-77BEB9921DC4}.Debug|Any CPU.ActiveCfg = Debug|Any CPU
		{C391620A-252B-4958-9BD0-77BEB9921DC4}.Debug|Any CPU.Build.0 = Debug|Any CPU
		{C391620A-252B-4958-9BD0-77BEB9921DC4}.Release|Any CPU.ActiveCfg = Release|Any CPU
		{C391620A-252B-4958-9BD0-77BEB9921DC4}.Release|Any CPU.Build.0 = Release|Any CPU
	EndGlobalSection
EndGlobal
